
Microsoft Visual Studio Solution File, Format Version 12.00
# Visual Studio 14
VisualStudioVersion = 14.0.25420.1
MinimumVisualStudioVersion = 10.0.40219.1
Project("{8BB2217D-0F2D-49D1-97BC-3654ED321F3B}") = "SeatReservation.Api", "SeatReservation.Api\SeatReservation.Api.xproj", "{2936CA9C-CEC6-4EAA-8426-E3C4D26FE53D}"
EndProject
Project("{8BB2217D-0F2D-49D1-97BC-3654ED321F3B}") = "SeatReservation.Common", "SeatReservation.Common\SeatReservation.Common.xproj", "{69459593-9DD6-4C18-921C-DE67A6BDDF0D}"
EndProject
Project("{8BB2217D-0F2D-49D1-97BC-3654ED321F3B}") = "SeatReservation.Domain", "SeatReservation.Domain\SeatReservation.Domain.xproj", "{BB25FF60-90BE-4725-B63D-400DFC25D55D}"
EndProject
Global
	GlobalSection(SolutionConfigurationPlatforms) = preSolution
		Debug|Any CPU = Debug|Any CPU
		Release|Any CPU = Release|Any CPU
	EndGlobalSection
	GlobalSection(ProjectConfigurationPlatforms) = postSolution
		{2936CA9C-CEC6-4EAA-8426-E3C4D26FE53D}.Debug|Any CPU.ActiveCfg = Debug|Any CPU
		{2936CA9C-CEC6-4EAA-8426-E3C4D26FE53D}.Debug|Any CPU.Build.0 = Debug|Any CPU
		{2936CA9C-CEC6-4EAA-8426-E3C4D26FE53D}.Release|Any CPU.ActiveCfg = Release|Any CPU
		{2936CA9C-CEC6-4EAA-8426-E3C4D26FE53D}.Release|Any CPU.Build.0 = Release|Any CPU
		{69459593-9DD6-4C18-921C-DE67A6BDDF0D}.Debug|Any CPU.ActiveCfg = Debug|Any CPU
		{69459593-9DD6-4C18-921C-DE67A6BDDF0D}.Debug|Any CPU.Build.0 = Debug|Any CPU
		{69459593-9DD6-4C18-921C-DE67A6BDDF0D}.Release|Any CPU.ActiveCfg = Release|Any CPU
		{69459593-9DD6-4C18-921C-DE67A6BDDF0D}.Release|Any CPU.Build.0 = Release|Any CPU
		{BB25FF60-90BE-4725-B63D-400DFC25D55D}.Debug|Any CPU.ActiveCfg = Debug|Any CPU
		{BB25FF60-90BE-4725-B63D-400DFC25D55D}.Debug|Any CPU.Build.0 = Debug|Any CPU
		{BB25FF60-90BE-4725-B63D-400DFC25D55D}.Release|Any CPU.ActiveCfg = Release|Any CPU
		{BB25FF60-90BE-4725-B63D-400DFC25D55D}.Release|Any CPU.Build.0 = Release|Any CPU
	EndGlobalSection
	GlobalSection(SolutionProperties) = preSolution
		HideSolutionNode = FALSE
	EndGlobalSection
EndGlobal
